<?xml version="1.0" encoding="utf-8"?>
<Project ToolsVersion="4.0" xmlns="http://schemas.microsoft.com/developer/msbuild/2003">
  <ItemGroup>
    <Filter Include="Archivos de origen">
      <UniqueIdentifier>{4FC737F1-C7A5-4376-A066-2A32D752A2FF}</UniqueIdentifier>
      <Extensions>cpp;c;cc;cxx;c++;cppm;ixx;def;odl;idl;hpj;bat;asm;asmx</Extensions>
    </Filter>
    <Filter Include="Archivos de encabezado">
      <UniqueIdentifier>{93995380-89BD-4b04-88EB-625FBE52EBFB}</UniqueIdentifier>
      <Extensions>h;hh;hpp;hxx;h++;hm;inl;inc;ipp;xsd</Extensions>
    </Filter>
    <Filter Include="Archivos de recursos">
      <UniqueIdentifier>{67DA6AB6-F800-4c08-8B7A-83BB121AAD01}</UniqueIdentifier>
      <Extensions>rc;ico;cur;bmp;dlg;rc2;rct;bin;rgs;gif;jpg;jpeg;jpe;resx;tiff;tif;png;wav;mfcribbon-ms</Extensions>
    </Filter>
    <Filter Include="Archivos de origen\ECS">
      <UniqueIdentifier>{4f72d067-26d4-4bd6-88a9-8435f52c5eed}</UniqueIdentifier>
    </Filter>
    <Filter Include="Archivos de encabezado\ECS">
      <UniqueIdentifier>{d51eccc9-8b08-44c8-97f2-b23cb8dc1122}</UniqueIdentifier>
    </Filter>
    <Filter Include="Archivos de encabezado\Memory">
      <UniqueIdentifier>{3171e229-0685-4d43-8420-b3c834bd156e}</UniqueIdentifier>
    </Filter>
  </ItemGroup>
  <ItemGroup>
    <ClCompile Include="BaseApp.cpp">
      <Filter>Archivos de origen</Filter>
    </ClCompile>
    <ClCompile Include="CharretonEngineOG.cpp">
      <Filter>Archivos de origen</Filter>
    </ClCompile>
    <ClCompile Include="Window.cpp">
      <Filter>Archivos de origen</Filter>
    </ClCompile>
    <ClCompile Include="ShapeFactory.cpp">
      <Filter>Archivos de origen</Filter>
    </ClCompile>
    <ClCompile Include="Actor.cpp">
      <Filter>Archivos de origen\ECS</Filter>
    </ClCompile>
  </ItemGroup>
  <ItemGroup>
    <ClInclude Include="BaseApp.h">
      <Filter>Archivos de encabezado</Filter>
    </ClInclude>
    <ClInclude Include="Prerequisites.h">
      <Filter>Archivos de encabezado</Filter>
    </ClInclude>
    <ClInclude Include="Window.h">
      <Filter>Archivos de encabezado</Filter>
    </ClInclude>
    <ClInclude Include="ShapeFactory.h">
      <Filter>Archivos de encabezado</Filter>
    </ClInclude>
    <ClInclude Include="Component.h">
      <Filter>Archivos de encabezado\ECS</Filter>
    </ClInclude>
    <ClInclude Include="include\Memory\TSharedPointer.h">
      <Filter>Archivos de encabezado\Memory</Filter>
    </ClInclude>
    <ClInclude Include="include\Memory\TStaticPtr.h">
      <Filter>Archivos de encabezado\Memory</Filter>
    </ClInclude>
    <ClInclude Include="include\Memory\TUniquePtr.h">
      <Filter>Archivos de encabezado\Memory</Filter>
    </ClInclude>
    <ClInclude Include="include\Memory\TWeakPointer.h">
      <Filter>Archivos de encabezado\Memory</Filter>
    </ClInclude>
    <ClInclude Include="Entity.h">
      <Filter>Archivos de encabezado\ECS</Filter>
    </ClInclude>
    <ClInclude Include="Actor.h">
      <Filter>Archivos de encabezado\ECS</Filter>
    </ClInclude>
    <ClInclude Include="Transform.h">
      <Filter>Archivos de encabezado</Filter>
    </ClInclude>
    <ClInclude Include="Vector2.h">
      <Filter>Archivos de encabezado</Filter>
    </ClInclude>
  </ItemGroup>
</Project>